
Microsoft Visual Studio Solution File, Format Version 12.00
# Visual Studio 15
Project("{FAE04EC0-301F-11D3-BF4B-00C04F79EFBC}") = "UnityEngine.UI", "UnityEngine.UI.csproj", "{0A47810D-93DC-D2C0-2703-6C88E0671ED6}"
EndProject
Project("{FAE04EC0-301F-11D3-BF4B-00C04F79EFBC}") = "UnityEngine.TestRunner", "UnityEngine.TestRunner.csproj", "{176453F3-F8B4-351E-8449-DEDE3E59FFD1}"
EndProject
Project("{FAE04EC0-301F-11D3-BF4B-00C04F79EFBC}") = "Unity.VisualScripting.Flow", "Unity.VisualScripting.Flow.csproj", "{4EDB3252-8952-E76C-FDEA-BF84BA1E5912}"
EndProject
Project("{FAE04EC0-301F-11D3-BF4B-00C04F79EFBC}") = "Unity.Services.Core.Telemetry", "Unity.Services.Core.Telemetry.csproj", "{AD31D38F-7775-5B62-56DE-CE5BC36159E2}"
EndProject
Project("{FAE04EC0-301F-11D3-BF4B-00C04F79EFBC}") = "Unity.VisualScripting.State", "Unity.VisualScripting.State.csproj", "{E5305250-04FF-2605-C483-255E7EBACA49}"
EndProject
Project("{FAE04EC0-301F-11D3-BF4B-00C04F79EFBC}") = "Unity.VisualScripting.Core", "Unity.VisualScripting.Core.csproj", "{F14A87B4-063F-D523-E087-029DD003A401}"
EndProject
Project("{FAE04EC0-301F-11D3-BF4B-00C04F79EFBC}") = "Unity.Services.Core.Environments.Internal", "Unity.Services.Core.Environments.Internal.csproj", "{B74EA61E-87B2-C697-101C-8D34F1535F2F}"
EndProject
Project("{FAE04EC0-301F-11D3-BF4B-00C04F79EFBC}") = "Unity.TextMeshPro", "Unity.TextMeshPro.csproj", "{58AA03D9-5C29-F9D7-6E05-9342832F6989}"
EndProject
Project("{FAE04EC0-301F-11D3-BF4B-00C04F79EFBC}") = "Unity.Timeline", "Unity.Timeline.csproj", "{9FAF2FA7-9FD9-875B-EEAC-D207186AC814}"
EndProject
Project("{FAE04EC0-301F-11D3-BF4B-00C04F79EFBC}") = "Assembly-CSharp", "Assembly-CSharp.csproj", "{53E8B349-6E54-B828-7BDF-672251CC163D}"
EndProject
Project("{FAE04EC0-301F-11D3-BF4B-00C04F79EFBC}") = "Unity.Services.Core.Environments", "Unity.Services.Core.Environments.csproj", "{309284DF-C3D4-BCF7-BAFC-9AE7FDC3C4EB}"
EndProject
Project("{FAE04EC0-301F-11D3-BF4B-00C04F79EFBC}") = "Unity.Services.Core.Internal", "Unity.Services.Core.Internal.csproj", "{57423FC9-8474-E205-8D52-962125EC03EA}"
EndProject
Project("{FAE04EC0-301F-11D3-BF4B-00C04F79EFBC}") = "Unity.Services.Core.Analytics", "Unity.Services.Core.Analytics.csproj", "{52C08829-403B-1432-FCD2-B200DCC7FDFF}"
EndProject
Project("{FAE04EC0-301F-11D3-BF4B-00C04F79EFBC}") = "Assembly-CSharp-firstpass", "Assembly-CSharp-firstpass.csproj", "{09549E91-3989-D299-4B12-1BA859ED7F2D}"
EndProject
Project("{FAE04EC0-301F-11D3-BF4B-00C04F79EFBC}") = "Unity.Services.Core.Scheduler", "Unity.Services.Core.Scheduler.csproj", "{4017150F-152B-C0FB-A63C-9A04026CE37F}"
EndProject
Project("{FAE04EC0-301F-11D3-BF4B-00C04F79EFBC}") = "Unity.Services.Core.Registration", "Unity.Services.Core.Registration.csproj", "{3FD5A9DD-7F91-160D-952C-CB953571169E}"
EndProject
Project("{FAE04EC0-301F-11D3-BF4B-00C04F79EFBC}") = "Unity.Services.Core.Device", "Unity.Services.Core.Device.csproj", "{4A2C1B60-2E2E-98C0-7353-186B4F301F8B}"
EndProject
Project("{FAE04EC0-301F-11D3-BF4B-00C04F79EFBC}") = "Unity.Services.Core.Threading", "Unity.Services.Core.Threading.csproj", "{EC72988C-E0AE-5F5B-F981-3E362D7D6064}"
EndProject
Project("{FAE04EC0-301F-11D3-BF4B-00C04F79EFBC}") = "Unity.Services.Core.Networking", "Unity.Services.Core.Networking.csproj", "{5A48AC6B-962F-D7CB-3F5A-29E715A8702E}"
EndProject
Project("{FAE04EC0-301F-11D3-BF4B-00C04F79EFBC}") = "Unity.Services.Core", "Unity.Services.Core.csproj", "{F069D0BA-9769-B15F-87A2-91CD96C306F5}"
EndProject
Project("{FAE04EC0-301F-11D3-BF4B-00C04F79EFBC}") = "Unity.Services.Core.Configuration", "Unity.Services.Core.Configuration.csproj", "{778A9433-E973-39F8-F384-F15A3E19D842}"
EndProject
Project("{FAE04EC0-301F-11D3-BF4B-00C04F79EFBC}") = "Unity.PlasticSCM.Editor", "Unity.PlasticSCM.Editor.csproj", "{58D40BC3-97C1-548B-9403-17A315804D64}"
EndProject
Project("{FAE04EC0-301F-11D3-BF4B-00C04F79EFBC}") = "Unity.VisualScripting.Core.Editor", "Unity.VisualScripting.Core.Editor.csproj", "{BB724307-C0DA-32B7-DB8B-B03B06E67DBF}"
EndProject
Project("{FAE04EC0-301F-11D3-BF4B-00C04F79EFBC}") = "Unity.VisualScripting.Flow.Editor", "Unity.VisualScripting.Flow.Editor.csproj", "{2B651CC9-F179-F759-89ED-232FAE8BF997}"
EndProject
Project("{FAE04EC0-301F-11D3-BF4B-00C04F79EFBC}") = "Unity.VisualStudio.Editor", "Unity.VisualStudio.Editor.csproj", "{B69C929E-1D79-8648-1AA4-0269AFC64E36}"
EndProject
Project("{FAE04EC0-301F-11D3-BF4B-00C04F79EFBC}") = "Unity.Timeline.Editor", "Unity.Timeline.Editor.csproj", "{74BEC2B9-0701-0DF0-46BF-A63A269DB1C5}"
EndProject
Project("{FAE04EC0-301F-11D3-BF4B-00C04F79EFBC}") = "Unity.VisualScripting.State.Editor", "Unity.VisualScripting.State.Editor.csproj", "{8FBE01FA-558E-7B7F-0830-63ADEED20397}"
EndProject
Project("{FAE04EC0-301F-11D3-BF4B-00C04F79EFBC}") = "Unity.TextMeshPro.Editor", "Unity.TextMeshPro.Editor.csproj", "{40DB92C1-4257-D312-35C9-D7B9B8CF44D5}"
EndProject
Project("{FAE04EC0-301F-11D3-BF4B-00C04F79EFBC}") = "Unity.VisualScripting.SettingsProvider.Editor", "Unity.VisualScripting.SettingsProvider.Editor.csproj", "{9CE9807D-0712-79C4-6FBC-3A420785A1A5}"
EndProject
Project("{FAE04EC0-301F-11D3-BF4B-00C04F79EFBC}") = "Unity.CollabProxy.Editor", "Unity.CollabProxy.Editor.csproj", "{6C558216-EB1C-660D-2F54-649DD5B27729}"
EndProject
Project("{FAE04EC0-301F-11D3-BF4B-00C04F79EFBC}") = "UnityEditor.TestRunner", "UnityEditor.TestRunner.csproj", "{FB2C7028-30B8-35DE-6AD2-594A7D5B66B5}"
EndProject
Project("{FAE04EC0-301F-11D3-BF4B-00C04F79EFBC}") = "Unity.Services.Core.Editor", "Unity.Services.Core.Editor.csproj", "{83895DDF-693F-9F8F-DEF4-05E0A8BCD784}"
EndProject
Project("{FAE04EC0-301F-11D3-BF4B-00C04F79EFBC}") = "Unity.TestTools.CodeCoverage.Editor", "Unity.TestTools.CodeCoverage.Editor.csproj", "{A86F6F4B-005A-D892-D800-D6E58D806F27}"
EndProject
Project("{FAE04EC0-301F-11D3-BF4B-00C04F79EFBC}") = "Unity.Rider.Editor", "Unity.Rider.Editor.csproj", "{3F7DB32E-8414-CA2B-3FD8-837F4DD90691}"
EndProject
Project("{FAE04EC0-301F-11D3-BF4B-00C04F79EFBC}") = "Unity.Performance.Profile-Analyzer.Editor", "Unity.Performance.Profile-Analyzer.Editor.csproj", "{5E864698-4C24-F8CA-540B-AB454EE01E9B}"
EndProject
Project("{FAE04EC0-301F-11D3-BF4B-00C04F79EFBC}") = "Unity.VSCode.Editor", "Unity.VSCode.Editor.csproj", "{5BFDDC82-3A10-93DB-FC57-56C4B168A0A6}"
EndProject
Project("{FAE04EC0-301F-11D3-BF4B-00C04F79EFBC}") = "UnityEditor.UI", "UnityEditor.UI.csproj", "{F70AEB09-DAE0-8E30-5131-018742B07907}"
EndProject
Project("{FAE04EC0-301F-11D3-BF4B-00C04F79EFBC}") = "Unity.TestTools.CodeCoverage.Editor.OpenCover.Model", "Unity.TestTools.CodeCoverage.Editor.OpenCover.Model.csproj", "{EEF6192C-C7C7-A3B2-BE3D-475FC568393D}"
EndProject
Project("{FAE04EC0-301F-11D3-BF4B-00C04F79EFBC}") = "Unity.EditorCoroutines.Editor", "Unity.EditorCoroutines.Editor.csproj", "{7BD166D3-9C8E-EB9D-0C31-4EC1EEFB5D7E}"
EndProject
Project("{FAE04EC0-301F-11D3-BF4B-00C04F79EFBC}") = "Unity.Settings.Editor", "Unity.Settings.Editor.csproj", "{6B8AEDAF-5D4E-9D1F-DD7C-72E768B90EB6}"
EndProject
Project("{FAE04EC0-301F-11D3-BF4B-00C04F79EFBC}") = "Unity.Services.Core.Configuration.Editor", "Unity.Services.Core.Configuration.Editor.csproj", "{BDDB8B08-97AA-A47A-E7B2-3458C2D34B8F}"
EndProject
Project("{FAE04EC0-301F-11D3-BF4B-00C04F79EFBC}") = "Unity.TestTools.CodeCoverage.Editor.OpenCover.Mono.Reflection", "Unity.TestTools.CodeCoverage.Editor.OpenCover.Mono.Reflection.csproj", "{D8619E53-D10D-20F0-0DC4-40FCE514E10C}"
EndProject
Project("{FAE04EC0-301F-11D3-BF4B-00C04F79EFBC}") = "Unity.VisualScripting.Shared.Editor", "Unity.VisualScripting.Shared.Editor.csproj", "{58FD56AD-0664-AA84-ABA0-B81E1F26B55D}"
EndProject
Project("{FAE04EC0-301F-11D3-BF4B-00C04F79EFBC}") = "UnityEngine.UI", "UnityEngine.UI.Player.csproj", "{2FBD9831-DF86-342B-34FE-2EB8160F71DF}"
EndProject
Project("{FAE04EC0-301F-11D3-BF4B-00C04F79EFBC}") = "UnityEngine.TestRunner", "UnityEngine.TestRunner.Player.csproj", "{49FD73B1-BCB9-791A-97A0-F1F40C0FB5DD}"
EndProject
Project("{FAE04EC0-301F-11D3-BF4B-00C04F79EFBC}") = "Unity.VisualScripting.Flow", "Unity.VisualScripting.Flow.Player.csproj", "{199687D5-8DC1-04D5-2E3A-1C07F4CA2F45}"
EndProject
Project("{FAE04EC0-301F-11D3-BF4B-00C04F79EFBC}") = "Unity.Services.Core.Telemetry", "Unity.Services.Core.Telemetry.Player.csproj", "{55F939EC-E9D4-52AA-091F-4AAD61F01EEB}"
EndProject
Project("{FAE04EC0-301F-11D3-BF4B-00C04F79EFBC}") = "Unity.VisualScripting.State", "Unity.VisualScripting.State.Player.csproj", "{E8B4EB2C-1FB1-8BD0-E1EB-56198DCCDBC0}"
EndProject
Project("{FAE04EC0-301F-11D3-BF4B-00C04F79EFBC}") = "Unity.VisualScripting.Core", "Unity.VisualScripting.Core.Player.csproj", "{AA8214D2-D771-BA1D-FFA9-2F7FA054960A}"
EndProject
Project("{FAE04EC0-301F-11D3-BF4B-00C04F79EFBC}") = "Unity.Services.Core.Environments.Internal", "Unity.Services.Core.Environments.Internal.Player.csproj", "{B317D840-2996-DC76-DE3B-F2DF0E5BCFD3}"
EndProject
Project("{FAE04EC0-301F-11D3-BF4B-00C04F79EFBC}") = "Unity.TextMeshPro", "Unity.TextMeshPro.Player.csproj", "{3167A2D5-8EEA-9F07-EFE9-22952E5853F6}"
EndProject
Project("{FAE04EC0-301F-11D3-BF4B-00C04F79EFBC}") = "Unity.Timeline", "Unity.Timeline.Player.csproj", "{66C60BF1-2447-6150-C59D-46415E6F1C9A}"
EndProject
Project("{FAE04EC0-301F-11D3-BF4B-00C04F79EFBC}") = "Assembly-CSharp", "Assembly-CSharp.Player.csproj", "{D6AE79C0-445B-6D34-494D-1490AAF9FC40}"
EndProject
Project("{FAE04EC0-301F-11D3-BF4B-00C04F79EFBC}") = "Unity.Services.Core.Environments", "Unity.Services.Core.Environments.Player.csproj", "{45AAFFC2-8537-B154-4420-3AC38F0155B4}"
EndProject
Project("{FAE04EC0-301F-11D3-BF4B-00C04F79EFBC}") = "Unity.Services.Core.Internal", "Unity.Services.Core.Internal.Player.csproj", "{8C4174B7-7B60-7A26-1D92-77CA181B0E28}"
EndProject
Project("{FAE04EC0-301F-11D3-BF4B-00C04F79EFBC}") = "Unity.Services.Core.Analytics", "Unity.Services.Core.Analytics.Player.csproj", "{903C79D2-AA90-A3DC-C899-5AD8FD2F1753}"
EndProject
Project("{FAE04EC0-301F-11D3-BF4B-00C04F79EFBC}") = "Assembly-CSharp-firstpass", "Assembly-CSharp-firstpass.Player.csproj", "{854C9F07-A92F-004C-DF9B-14D1921EFBD1}"
EndProject
Project("{FAE04EC0-301F-11D3-BF4B-00C04F79EFBC}") = "Unity.Services.Core.Scheduler", "Unity.Services.Core.Scheduler.Player.csproj", "{9D114270-E98F-9F81-4BDC-5B1B0960514B}"
EndProject
Project("{FAE04EC0-301F-11D3-BF4B-00C04F79EFBC}") = "Unity.Services.Core.Registration", "Unity.Services.Core.Registration.Player.csproj", "{9A1BCF70-D4BF-CD41-47C3-A505F4232474}"
EndProject
Project("{FAE04EC0-301F-11D3-BF4B-00C04F79EFBC}") = "Unity.Services.Core.Device", "Unity.Services.Core.Device.Player.csproj", "{756F5050-241A-1777-1F24-74DCF1DF96CD}"
EndProject
Project("{FAE04EC0-301F-11D3-BF4B-00C04F79EFBC}") = "Unity.Services.Core.Threading", "Unity.Services.Core.Threading.Player.csproj", "{2C43915B-8247-B181-729A-932E827EC47B}"
EndProject
Project("{FAE04EC0-301F-11D3-BF4B-00C04F79EFBC}") = "Unity.Services.Core.Networking", "Unity.Services.Core.Networking.Player.csproj", "{8F8B2942-AD6F-F277-3AD6-250979B962A2}"
EndProject
Project("{FAE04EC0-301F-11D3-BF4B-00C04F79EFBC}") = "Unity.Services.Core", "Unity.Services.Core.Player.csproj", "{9C2C8525-9346-5A71-A860-4C3D7D722316}"
EndProject
Project("{FAE04EC0-301F-11D3-BF4B-00C04F79EFBC}") = "Unity.Services.Core.Configuration", "Unity.Services.Core.Configuration.Player.csproj", "{EE865EC1-AAC6-20DA-4C58-E87A1F03BF0A}"
EndProject
Global
	GlobalSection(SolutionConfigurationPlatforms) = preSolution
		Debug|Any CPU = Debug|Any CPU
		Release|Any CPU = Release|Any CPU
	EndGlobalSection
	GlobalSection(ProjectConfigurationPlatforms) = postSolution
		{0A47810D-93DC-D2C0-2703-6C88E0671ED6}.Debug|Any CPU.ActiveCfg = Debug|Any CPU
		{0A47810D-93DC-D2C0-2703-6C88E0671ED6}.Debug|Any CPU.Build.0 = Debug|Any CPU
		{0A47810D-93DC-D2C0-2703-6C88E0671ED6}.Release|Any CPU.ActiveCfg = Release|Any CPU
		{0A47810D-93DC-D2C0-2703-6C88E0671ED6}.Release|Any CPU.Build.0 = Release|Any CPU
		{176453F3-F8B4-351E-8449-DEDE3E59FFD1}.Debug|Any CPU.ActiveCfg = Debug|Any CPU
		{176453F3-F8B4-351E-8449-DEDE3E59FFD1}.Debug|Any CPU.Build.0 = Debug|Any CPU
		{176453F3-F8B4-351E-8449-DEDE3E59FFD1}.Release|Any CPU.ActiveCfg = Release|Any CPU
		{176453F3-F8B4-351E-8449-DEDE3E59FFD1}.Release|Any CPU.Build.0 = Release|Any CPU
		{4EDB3252-8952-E76C-FDEA-BF84BA1E5912}.Debug|Any CPU.ActiveCfg = Debug|Any CPU
		{4EDB3252-8952-E76C-FDEA-BF84BA1E5912}.Debug|Any CPU.Build.0 = Debug|Any CPU
		{4EDB3252-8952-E76C-FDEA-BF84BA1E5912}.Release|Any CPU.ActiveCfg = Release|Any CPU
		{4EDB3252-8952-E76C-FDEA-BF84BA1E5912}.Release|Any CPU.Build.0 = Release|Any CPU
		{AD31D38F-7775-5B62-56DE-CE5BC36159E2}.Debug|Any CPU.ActiveCfg = Debug|Any CPU
		{AD31D38F-7775-5B62-56DE-CE5BC36159E2}.Debug|Any CPU.Build.0 = Debug|Any CPU
		{AD31D38F-7775-5B62-56DE-CE5BC36159E2}.Release|Any CPU.ActiveCfg = Release|Any CPU
		{AD31D38F-7775-5B62-56DE-CE5BC36159E2}.Release|Any CPU.Build.0 = Release|Any CPU
		{E5305250-04FF-2605-C483-255E7EBACA49}.Debug|Any CPU.ActiveCfg = Debug|Any CPU
		{E5305250-04FF-2605-C483-255E7EBACA49}.Debug|Any CPU.Build.0 = Debug|Any CPU
		{E5305250-04FF-2605-C483-255E7EBACA49}.Release|Any CPU.ActiveCfg = Release|Any CPU
		{E5305250-04FF-2605-C483-255E7EBACA49}.Release|Any CPU.Build.0 = Release|Any CPU
		{F14A87B4-063F-D523-E087-029DD003A401}.Debug|Any CPU.ActiveCfg = Debug|Any CPU
		{F14A87B4-063F-D523-E087-029DD003A401}.Debug|Any CPU.Build.0 = Debug|Any CPU
		{F14A87B4-063F-D523-E087-029DD003A401}.Release|Any CPU.ActiveCfg = Release|Any CPU
		{F14A87B4-063F-D523-E087-029DD003A401}.Release|Any CPU.Build.0 = Release|Any CPU
		{B74EA61E-87B2-C697-101C-8D34F1535F2F}.Debug|Any CPU.ActiveCfg = Debug|Any CPU
		{B74EA61E-87B2-C697-101C-8D34F1535F2F}.Debug|Any CPU.Build.0 = Debug|Any CPU
		{B74EA61E-87B2-C697-101C-8D34F1535F2F}.Release|Any CPU.ActiveCfg = Release|Any CPU
		{B74EA61E-87B2-C697-101C-8D34F1535F2F}.Release|Any CPU.Build.0 = Release|Any CPU
		{58AA03D9-5C29-F9D7-6E05-9342832F6989}.Debug|Any CPU.ActiveCfg = Debug|Any CPU
		{58AA03D9-5C29-F9D7-6E05-9342832F6989}.Debug|Any CPU.Build.0 = Debug|Any CPU
		{58AA03D9-5C29-F9D7-6E05-9342832F6989}.Release|Any CPU.ActiveCfg = Release|Any CPU
		{58AA03D9-5C29-F9D7-6E05-9342832F6989}.Release|Any CPU.Build.0 = Release|Any CPU
		{9FAF2FA7-9FD9-875B-EEAC-D207186AC814}.Debug|Any CPU.ActiveCfg = Debug|Any CPU
		{9FAF2FA7-9FD9-875B-EEAC-D207186AC814}.Debug|Any CPU.Build.0 = Debug|Any CPU
		{9FAF2FA7-9FD9-875B-EEAC-D207186AC814}.Release|Any CPU.ActiveCfg = Release|Any CPU
		{9FAF2FA7-9FD9-875B-EEAC-D207186AC814}.Release|Any CPU.Build.0 = Release|Any CPU
		{53E8B349-6E54-B828-7BDF-672251CC163D}.Debug|Any CPU.ActiveCfg = Debug|Any CPU
		{53E8B349-6E54-B828-7BDF-672251CC163D}.Debug|Any CPU.Build.0 = Debug|Any CPU
		{53E8B349-6E54-B828-7BDF-672251CC163D}.Release|Any CPU.ActiveCfg = Release|Any CPU
		{53E8B349-6E54-B828-7BDF-672251CC163D}.Release|Any CPU.Build.0 = Release|Any CPU
		{309284DF-C3D4-BCF7-BAFC-9AE7FDC3C4EB}.Debug|Any CPU.ActiveCfg = Debug|Any CPU
		{309284DF-C3D4-BCF7-BAFC-9AE7FDC3C4EB}.Debug|Any CPU.Build.0 = Debug|Any CPU
		{309284DF-C3D4-BCF7-BAFC-9AE7FDC3C4EB}.Release|Any CPU.ActiveCfg = Release|Any CPU
		{309284DF-C3D4-BCF7-BAFC-9AE7FDC3C4EB}.Release|Any CPU.Build.0 = Release|Any CPU
		{57423FC9-8474-E205-8D52-962125EC03EA}.Debug|Any CPU.ActiveCfg = Debug|Any CPU
		{57423FC9-8474-E205-8D52-962125EC03EA}.Debug|Any CPU.Build.0 = Debug|Any CPU
		{57423FC9-8474-E205-8D52-962125EC03EA}.Release|Any CPU.ActiveCfg = Release|Any CPU
		{57423FC9-8474-E205-8D52-962125EC03EA}.Release|Any CPU.Build.0 = Release|Any CPU
		{52C08829-403B-1432-FCD2-B200DCC7FDFF}.Debug|Any CPU.ActiveCfg = Debug|Any CPU
		{52C08829-403B-1432-FCD2-B200DCC7FDFF}.Debug|Any CPU.Build.0 = Debug|Any CPU
		{52C08829-403B-1432-FCD2-B200DCC7FDFF}.Release|Any CPU.ActiveCfg = Release|Any CPU
		{52C08829-403B-1432-FCD2-B200DCC7FDFF}.Release|Any CPU.Build.0 = Release|Any CPU
		{09549E91-3989-D299-4B12-1BA859ED7F2D}.Debug|Any CPU.ActiveCfg = Debug|Any CPU
		{09549E91-3989-D299-4B12-1BA859ED7F2D}.Debug|Any CPU.Build.0 = Debug|Any CPU
		{09549E91-3989-D299-4B12-1BA859ED7F2D}.Release|Any CPU.ActiveCfg = Release|Any CPU
		{09549E91-3989-D299-4B12-1BA859ED7F2D}.Release|Any CPU.Build.0 = Release|Any CPU
		{4017150F-152B-C0FB-A63C-9A04026CE37F}.Debug|Any CPU.ActiveCfg = Debug|Any CPU
		{4017150F-152B-C0FB-A63C-9A04026CE37F}.Debug|Any CPU.Build.0 = Debug|Any CPU
		{4017150F-152B-C0FB-A63C-9A04026CE37F}.Release|Any CPU.ActiveCfg = Release|Any CPU
		{4017150F-152B-C0FB-A63C-9A04026CE37F}.Release|Any CPU.Build.0 = Release|Any CPU
		{3FD5A9DD-7F91-160D-952C-CB953571169E}.Debug|Any CPU.ActiveCfg = Debug|Any CPU
		{3FD5A9DD-7F91-160D-952C-CB953571169E}.Debug|Any CPU.Build.0 = Debug|Any CPU
		{3FD5A9DD-7F91-160D-952C-CB953571169E}.Release|Any CPU.ActiveCfg = Release|Any CPU
		{3FD5A9DD-7F91-160D-952C-CB953571169E}.Release|Any CPU.Build.0 = Release|Any CPU
		{4A2C1B60-2E2E-98C0-7353-186B4F301F8B}.Debug|Any CPU.ActiveCfg = Debug|Any CPU
		{4A2C1B60-2E2E-98C0-7353-186B4F301F8B}.Debug|Any CPU.Build.0 = Debug|Any CPU
		{4A2C1B60-2E2E-98C0-7353-186B4F301F8B}.Release|Any CPU.ActiveCfg = Release|Any CPU
		{4A2C1B60-2E2E-98C0-7353-186B4F301F8B}.Release|Any CPU.Build.0 = Release|Any CPU
		{EC72988C-E0AE-5F5B-F981-3E362D7D6064}.Debug|Any CPU.ActiveCfg = Debug|Any CPU
		{EC72988C-E0AE-5F5B-F981-3E362D7D6064}.Debug|Any CPU.Build.0 = Debug|Any CPU
		{EC72988C-E0AE-5F5B-F981-3E362D7D6064}.Release|Any CPU.ActiveCfg = Release|Any CPU
		{EC72988C-E0AE-5F5B-F981-3E362D7D6064}.Release|Any CPU.Build.0 = Release|Any CPU
		{5A48AC6B-962F-D7CB-3F5A-29E715A8702E}.Debug|Any CPU.ActiveCfg = Debug|Any CPU
		{5A48AC6B-962F-D7CB-3F5A-29E715A8702E}.Debug|Any CPU.Build.0 = Debug|Any CPU
		{5A48AC6B-962F-D7CB-3F5A-29E715A8702E}.Release|Any CPU.ActiveCfg = Release|Any CPU
		{5A48AC6B-962F-D7CB-3F5A-29E715A8702E}.Release|Any CPU.Build.0 = Release|Any CPU
		{F069D0BA-9769-B15F-87A2-91CD96C306F5}.Debug|Any CPU.ActiveCfg = Debug|Any CPU
		{F069D0BA-9769-B15F-87A2-91CD96C306F5}.Debug|Any CPU.Build.0 = Debug|Any CPU
		{F069D0BA-9769-B15F-87A2-91CD96C306F5}.Release|Any CPU.ActiveCfg = Release|Any CPU
		{F069D0BA-9769-B15F-87A2-91CD96C306F5}.Release|Any CPU.Build.0 = Release|Any CPU
		{778A9433-E973-39F8-F384-F15A3E19D842}.Debug|Any CPU.ActiveCfg = Debug|Any CPU
		{778A9433-E973-39F8-F384-F15A3E19D842}.Debug|Any CPU.Build.0 = Debug|Any CPU
		{778A9433-E973-39F8-F384-F15A3E19D842}.Release|Any CPU.ActiveCfg = Release|Any CPU
		{778A9433-E973-39F8-F384-F15A3E19D842}.Release|Any CPU.Build.0 = Release|Any CPU
		{58D40BC3-97C1-548B-9403-17A315804D64}.Debug|Any CPU.ActiveCfg = Debug|Any CPU
		{58D40BC3-97C1-548B-9403-17A315804D64}.Debug|Any CPU.Build.0 = Debug|Any CPU
		{58D40BC3-97C1-548B-9403-17A315804D64}.Release|Any CPU.ActiveCfg = Release|Any CPU
		{58D40BC3-97C1-548B-9403-17A315804D64}.Release|Any CPU.Build.0 = Release|Any CPU
		{BB724307-C0DA-32B7-DB8B-B03B06E67DBF}.Debug|Any CPU.ActiveCfg = Debug|Any CPU
		{BB724307-C0DA-32B7-DB8B-B03B06E67DBF}.Debug|Any CPU.Build.0 = Debug|Any CPU
		{BB724307-C0DA-32B7-DB8B-B03B06E67DBF}.Release|Any CPU.ActiveCfg = Release|Any CPU
		{BB724307-C0DA-32B7-DB8B-B03B06E67DBF}.Release|Any CPU.Build.0 = Release|Any CPU
		{2B651CC9-F179-F759-89ED-232FAE8BF997}.Debug|Any CPU.ActiveCfg = Debug|Any CPU
		{2B651CC9-F179-F759-89ED-232FAE8BF997}.Debug|Any CPU.Build.0 = Debug|Any CPU
		{2B651CC9-F179-F759-89ED-232FAE8BF997}.Release|Any CPU.ActiveCfg = Release|Any CPU
		{2B651CC9-F179-F759-89ED-232FAE8BF997}.Release|Any CPU.Build.0 = Release|Any CPU
		{B69C929E-1D79-8648-1AA4-0269AFC64E36}.Debug|Any CPU.ActiveCfg = Debug|Any CPU
		{B69C929E-1D79-8648-1AA4-0269AFC64E36}.Debug|Any CPU.Build.0 = Debug|Any CPU
		{B69C929E-1D79-8648-1AA4-0269AFC64E36}.Release|Any CPU.ActiveCfg = Release|Any CPU
		{B69C929E-1D79-8648-1AA4-0269AFC64E36}.Release|Any CPU.Build.0 = Release|Any CPU
		{74BEC2B9-0701-0DF0-46BF-A63A269DB1C5}.Debug|Any CPU.ActiveCfg = Debug|Any CPU
		{74BEC2B9-0701-0DF0-46BF-A63A269DB1C5}.Debug|Any CPU.Build.0 = Debug|Any CPU
		{74BEC2B9-0701-0DF0-46BF-A63A269DB1C5}.Release|Any CPU.ActiveCfg = Release|Any CPU
		{74BEC2B9-0701-0DF0-46BF-A63A269DB1C5}.Release|Any CPU.Build.0 = Release|Any CPU
		{8FBE01FA-558E-7B7F-0830-63ADEED20397}.Debug|Any CPU.ActiveCfg = Debug|Any CPU
		{8FBE01FA-558E-7B7F-0830-63ADEED20397}.Debug|Any CPU.Build.0 = Debug|Any CPU
		{8FBE01FA-558E-7B7F-0830-63ADEED20397}.Release|Any CPU.ActiveCfg = Release|Any CPU
		{8FBE01FA-558E-7B7F-0830-63ADEED20397}.Release|Any CPU.Build.0 = Release|Any CPU
		{40DB92C1-4257-D312-35C9-D7B9B8CF44D5}.Debug|Any CPU.ActiveCfg = Debug|Any CPU
		{40DB92C1-4257-D312-35C9-D7B9B8CF44D5}.Debug|Any CPU.Build.0 = Debug|Any CPU
		{40DB92C1-4257-D312-35C9-D7B9B8CF44D5}.Release|Any CPU.ActiveCfg = Release|Any CPU
		{40DB92C1-4257-D312-35C9-D7B9B8CF44D5}.Release|Any CPU.Build.0 = Release|Any CPU
		{9CE9807D-0712-79C4-6FBC-3A420785A1A5}.Debug|Any CPU.ActiveCfg = Debug|Any CPU
		{9CE9807D-0712-79C4-6FBC-3A420785A1A5}.Debug|Any CPU.Build.0 = Debug|Any CPU
		{9CE9807D-0712-79C4-6FBC-3A420785A1A5}.Release|Any CPU.ActiveCfg = Release|Any CPU
		{9CE9807D-0712-79C4-6FBC-3A420785A1A5}.Release|Any CPU.Build.0 = Release|Any CPU
		{6C558216-EB1C-660D-2F54-649DD5B27729}.Debug|Any CPU.ActiveCfg = Debug|Any CPU
		{6C558216-EB1C-660D-2F54-649DD5B27729}.Debug|Any CPU.Build.0 = Debug|Any CPU
		{6C558216-EB1C-660D-2F54-649DD5B27729}.Release|Any CPU.ActiveCfg = Release|Any CPU
		{6C558216-EB1C-660D-2F54-649DD5B27729}.Release|Any CPU.Build.0 = Release|Any CPU
		{FB2C7028-30B8-35DE-6AD2-594A7D5B66B5}.Debug|Any CPU.ActiveCfg = Debug|Any CPU
		{FB2C7028-30B8-35DE-6AD2-594A7D5B66B5}.Debug|Any CPU.Build.0 = Debug|Any CPU
		{FB2C7028-30B8-35DE-6AD2-594A7D5B66B5}.Release|Any CPU.ActiveCfg = Release|Any CPU
		{FB2C7028-30B8-35DE-6AD2-594A7D5B66B5}.Release|Any CPU.Build.0 = Release|Any CPU
		{83895DDF-693F-9F8F-DEF4-05E0A8BCD784}.Debug|Any CPU.ActiveCfg = Debug|Any CPU
		{83895DDF-693F-9F8F-DEF4-05E0A8BCD784}.Debug|Any CPU.Build.0 = Debug|Any CPU
		{83895DDF-693F-9F8F-DEF4-05E0A8BCD784}.Release|Any CPU.ActiveCfg = Release|Any CPU
		{83895DDF-693F-9F8F-DEF4-05E0A8BCD784}.Release|Any CPU.Build.0 = Release|Any CPU
		{A86F6F4B-005A-D892-D800-D6E58D806F27}.Debug|Any CPU.ActiveCfg = Debug|Any CPU
		{A86F6F4B-005A-D892-D800-D6E58D806F27}.Debug|Any CPU.Build.0 = Debug|Any CPU
		{A86F6F4B-005A-D892-D800-D6E58D806F27}.Release|Any CPU.ActiveCfg = Release|Any CPU
		{A86F6F4B-005A-D892-D800-D6E58D806F27}.Release|Any CPU.Build.0 = Release|Any CPU
		{3F7DB32E-8414-CA2B-3FD8-837F4DD90691}.Debug|Any CPU.ActiveCfg = Debug|Any CPU
		{3F7DB32E-8414-CA2B-3FD8-837F4DD90691}.Debug|Any CPU.Build.0 = Debug|Any CPU
		{3F7DB32E-8414-CA2B-3FD8-837F4DD90691}.Release|Any CPU.ActiveCfg = Release|Any CPU
		{3F7DB32E-8414-CA2B-3FD8-837F4DD90691}.Release|Any CPU.Build.0 = Release|Any CPU
		{5E864698-4C24-F8CA-540B-AB454EE01E9B}.Debug|Any CPU.ActiveCfg = Debug|Any CPU
		{5E864698-4C24-F8CA-540B-AB454EE01E9B}.Debug|Any CPU.Build.0 = Debug|Any CPU
		{5E864698-4C24-F8CA-540B-AB454EE01E9B}.Release|Any CPU.ActiveCfg = Release|Any CPU
		{5E864698-4C24-F8CA-540B-AB454EE01E9B}.Release|Any CPU.Build.0 = Release|Any CPU
		{5BFDDC82-3A10-93DB-FC57-56C4B168A0A6}.Debug|Any CPU.ActiveCfg = Debug|Any CPU
		{5BFDDC82-3A10-93DB-FC57-56C4B168A0A6}.Debug|Any CPU.Build.0 = Debug|Any CPU
		{5BFDDC82-3A10-93DB-FC57-56C4B168A0A6}.Release|Any CPU.ActiveCfg = Release|Any CPU
		{5BFDDC82-3A10-93DB-FC57-56C4B168A0A6}.Release|Any CPU.Build.0 = Release|Any CPU
		{F70AEB09-DAE0-8E30-5131-018742B07907}.Debug|Any CPU.ActiveCfg = Debug|Any CPU
		{F70AEB09-DAE0-8E30-5131-018742B07907}.Debug|Any CPU.Build.0 = Debug|Any CPU
		{F70AEB09-DAE0-8E30-5131-018742B07907}.Release|Any CPU.ActiveCfg = Release|Any CPU
		{F70AEB09-DAE0-8E30-5131-018742B07907}.Release|Any CPU.Build.0 = Release|Any CPU
		{EEF6192C-C7C7-A3B2-BE3D-475FC568393D}.Debug|Any CPU.ActiveCfg = Debug|Any CPU
		{EEF6192C-C7C7-A3B2-BE3D-475FC568393D}.Debug|Any CPU.Build.0 = Debug|Any CPU
		{EEF6192C-C7C7-A3B2-BE3D-475FC568393D}.Release|Any CPU.ActiveCfg = Release|Any CPU
		{EEF6192C-C7C7-A3B2-BE3D-475FC568393D}.Release|Any CPU.Build.0 = Release|Any CPU
		{7BD166D3-9C8E-EB9D-0C31-4EC1EEFB5D7E}.Debug|Any CPU.ActiveCfg = Debug|Any CPU
		{7BD166D3-9C8E-EB9D-0C31-4EC1EEFB5D7E}.Debug|Any CPU.Build.0 = Debug|Any CPU
		{7BD166D3-9C8E-EB9D-0C31-4EC1EEFB5D7E}.Release|Any CPU.ActiveCfg = Release|Any CPU
		{7BD166D3-9C8E-EB9D-0C31-4EC1EEFB5D7E}.Release|Any CPU.Build.0 = Release|Any CPU
		{6B8AEDAF-5D4E-9D1F-DD7C-72E768B90EB6}.Debug|Any CPU.ActiveCfg = Debug|Any CPU
		{6B8AEDAF-5D4E-9D1F-DD7C-72E768B90EB6}.Debug|Any CPU.Build.0 = Debug|Any CPU
		{6B8AEDAF-5D4E-9D1F-DD7C-72E768B90EB6}.Release|Any CPU.ActiveCfg = Release|Any CPU
		{6B8AEDAF-5D4E-9D1F-DD7C-72E768B90EB6}.Release|Any CPU.Build.0 = Release|Any CPU
		{BDDB8B08-97AA-A47A-E7B2-3458C2D34B8F}.Debug|Any CPU.ActiveCfg = Debug|Any CPU
		{BDDB8B08-97AA-A47A-E7B2-3458C2D34B8F}.Debug|Any CPU.Build.0 = Debug|Any CPU
		{BDDB8B08-97AA-A47A-E7B2-3458C2D34B8F}.Release|Any CPU.ActiveCfg = Release|Any CPU
		{BDDB8B08-97AA-A47A-E7B2-3458C2D34B8F}.Release|Any CPU.Build.0 = Release|Any CPU
		{D8619E53-D10D-20F0-0DC4-40FCE514E10C}.Debug|Any CPU.ActiveCfg = Debug|Any CPU
		{D8619E53-D10D-20F0-0DC4-40FCE514E10C}.Debug|Any CPU.Build.0 = Debug|Any CPU
		{D8619E53-D10D-20F0-0DC4-40FCE514E10C}.Release|Any CPU.ActiveCfg = Release|Any CPU
		{D8619E53-D10D-20F0-0DC4-40FCE514E10C}.Release|Any CPU.Build.0 = Release|Any CPU
		{58FD56AD-0664-AA84-ABA0-B81E1F26B55D}.Debug|Any CPU.ActiveCfg = Debug|Any CPU
		{58FD56AD-0664-AA84-ABA0-B81E1F26B55D}.Debug|Any CPU.Build.0 = Debug|Any CPU
		{58FD56AD-0664-AA84-ABA0-B81E1F26B55D}.Release|Any CPU.ActiveCfg = Release|Any CPU
		{58FD56AD-0664-AA84-ABA0-B81E1F26B55D}.Release|Any CPU.Build.0 = Release|Any CPU
		{2FBD9831-DF86-342B-34FE-2EB8160F71DF}.Debug|Any CPU.ActiveCfg = Debug|Any CPU
		{2FBD9831-DF86-342B-34FE-2EB8160F71DF}.Debug|Any CPU.Build.0 = Debug|Any CPU
		{2FBD9831-DF86-342B-34FE-2EB8160F71DF}.Release|Any CPU.ActiveCfg = Release|Any CPU
		{2FBD9831-DF86-342B-34FE-2EB8160F71DF}.Release|Any CPU.Build.0 = Release|Any CPU
		{49FD73B1-BCB9-791A-97A0-F1F40C0FB5DD}.Debug|Any CPU.ActiveCfg = Debug|Any CPU
		{49FD73B1-BCB9-791A-97A0-F1F40C0FB5DD}.Debug|Any CPU.Build.0 = Debug|Any CPU
		{49FD73B1-BCB9-791A-97A0-F1F40C0FB5DD}.Release|Any CPU.ActiveCfg = Release|Any CPU
		{49FD73B1-BCB9-791A-97A0-F1F40C0FB5DD}.Release|Any CPU.Build.0 = Release|Any CPU
		{199687D5-8DC1-04D5-2E3A-1C07F4CA2F45}.Debug|Any CPU.ActiveCfg = Debug|Any CPU
		{199687D5-8DC1-04D5-2E3A-1C07F4CA2F45}.Debug|Any CPU.Build.0 = Debug|Any CPU
		{199687D5-8DC1-04D5-2E3A-1C07F4CA2F45}.Release|Any CPU.ActiveCfg = Release|Any CPU
		{199687D5-8DC1-04D5-2E3A-1C07F4CA2F45}.Release|Any CPU.Build.0 = Release|Any CPU
		{55F939EC-E9D4-52AA-091F-4AAD61F01EEB}.Debug|Any CPU.ActiveCfg = Debug|Any CPU
		{55F939EC-E9D4-52AA-091F-4AAD61F01EEB}.Debug|Any CPU.Build.0 = Debug|Any CPU
		{55F939EC-E9D4-52AA-091F-4AAD61F01EEB}.Release|Any CPU.ActiveCfg = Release|Any CPU
		{55F939EC-E9D4-52AA-091F-4AAD61F01EEB}.Release|Any CPU.Build.0 = Release|Any CPU
		{E8B4EB2C-1FB1-8BD0-E1EB-56198DCCDBC0}.Debug|Any CPU.ActiveCfg = Debug|Any CPU
		{E8B4EB2C-1FB1-8BD0-E1EB-56198DCCDBC0}.Debug|Any CPU.Build.0 = Debug|Any CPU
		{E8B4EB2C-1FB1-8BD0-E1EB-56198DCCDBC0}.Release|Any CPU.ActiveCfg = Release|Any CPU
		{E8B4EB2C-1FB1-8BD0-E1EB-56198DCCDBC0}.Release|Any CPU.Build.0 = Release|Any CPU
		{AA8214D2-D771-BA1D-FFA9-2F7FA054960A}.Debug|Any CPU.ActiveCfg = Debug|Any CPU
		{AA8214D2-D771-BA1D-FFA9-2F7FA054960A}.Debug|Any CPU.Build.0 = Debug|Any CPU
		{AA8214D2-D771-BA1D-FFA9-2F7FA054960A}.Release|Any CPU.ActiveCfg = Release|Any CPU
		{AA8214D2-D771-BA1D-FFA9-2F7FA054960A}.Release|Any CPU.Build.0 = Release|Any CPU
		{B317D840-2996-DC76-DE3B-F2DF0E5BCFD3}.Debug|Any CPU.ActiveCfg = Debug|Any CPU
		{B317D840-2996-DC76-DE3B-F2DF0E5BCFD3}.Debug|Any CPU.Build.0 = Debug|Any CPU
		{B317D840-2996-DC76-DE3B-F2DF0E5BCFD3}.Release|Any CPU.ActiveCfg = Release|Any CPU
		{B317D840-2996-DC76-DE3B-F2DF0E5BCFD3}.Release|Any CPU.Build.0 = Release|Any CPU
		{3167A2D5-8EEA-9F07-EFE9-22952E5853F6}.Debug|Any CPU.ActiveCfg = Debug|Any CPU
		{3167A2D5-8EEA-9F07-EFE9-22952E5853F6}.Debug|Any CPU.Build.0 = Debug|Any CPU
		{3167A2D5-8EEA-9F07-EFE9-22952E5853F6}.Release|Any CPU.ActiveCfg = Release|Any CPU
		{3167A2D5-8EEA-9F07-EFE9-22952E5853F6}.Release|Any CPU.Build.0 = Release|Any CPU
		{66C60BF1-2447-6150-C59D-46415E6F1C9A}.Debug|Any CPU.ActiveCfg = Debug|Any CPU
		{66C60BF1-2447-6150-C59D-46415E6F1C9A}.Debug|Any CPU.Build.0 = Debug|Any CPU
		{66C60BF1-2447-6150-C59D-46415E6F1C9A}.Release|Any CPU.ActiveCfg = Release|Any CPU
		{66C60BF1-2447-6150-C59D-46415E6F1C9A}.Release|Any CPU.Build.0 = Release|Any CPU
		{D6AE79C0-445B-6D34-494D-1490AAF9FC40}.Debug|Any CPU.ActiveCfg = Debug|Any CPU
		{D6AE79C0-445B-6D34-494D-1490AAF9FC40}.Debug|Any CPU.Build.0 = Debug|Any CPU
		{D6AE79C0-445B-6D34-494D-1490AAF9FC40}.Release|Any CPU.ActiveCfg = Release|Any CPU
		{D6AE79C0-445B-6D34-494D-1490AAF9FC40}.Release|Any CPU.Build.0 = Release|Any CPU
		{45AAFFC2-8537-B154-4420-3AC38F0155B4}.Debug|Any CPU.ActiveCfg = Debug|Any CPU
		{45AAFFC2-8537-B154-4420-3AC38F0155B4}.Debug|Any CPU.Build.0 = Debug|Any CPU
		{45AAFFC2-8537-B154-4420-3AC38F0155B4}.Release|Any CPU.ActiveCfg = Release|Any CPU
		{45AAFFC2-8537-B154-4420-3AC38F0155B4}.Release|Any CPU.Build.0 = Release|Any CPU
		{8C4174B7-7B60-7A26-1D92-77CA181B0E28}.Debug|Any CPU.ActiveCfg = Debug|Any CPU
		{8C4174B7-7B60-7A26-1D92-77CA181B0E28}.Debug|Any CPU.Build.0 = Debug|Any CPU
		{8C4174B7-7B60-7A26-1D92-77CA181B0E28}.Release|Any CPU.ActiveCfg = Release|Any CPU
		{8C4174B7-7B60-7A26-1D92-77CA181B0E28}.Release|Any CPU.Build.0 = Release|Any CPU
		{903C79D2-AA90-A3DC-C899-5AD8FD2F1753}.Debug|Any CPU.ActiveCfg = Debug|Any CPU
		{903C79D2-AA90-A3DC-C899-5AD8FD2F1753}.Debug|Any CPU.Build.0 = Debug|Any CPU
		{903C79D2-AA90-A3DC-C899-5AD8FD2F1753}.Release|Any CPU.ActiveCfg = Release|Any CPU
		{903C79D2-AA90-A3DC-C899-5AD8FD2F1753}.Release|Any CPU.Build.0 = Release|Any CPU
		{854C9F07-A92F-004C-DF9B-14D1921EFBD1}.Debug|Any CPU.ActiveCfg = Debug|Any CPU
		{854C9F07-A92F-004C-DF9B-14D1921EFBD1}.Debug|Any CPU.Build.0 = Debug|Any CPU
		{854C9F07-A92F-004C-DF9B-14D1921EFBD1}.Release|Any CPU.ActiveCfg = Release|Any CPU
		{854C9F07-A92F-004C-DF9B-14D1921EFBD1}.Release|Any CPU.Build.0 = Release|Any CPU
		{9D114270-E98F-9F81-4BDC-5B1B0960514B}.Debug|Any CPU.ActiveCfg = Debug|Any CPU
		{9D114270-E98F-9F81-4BDC-5B1B0960514B}.Debug|Any CPU.Build.0 = Debug|Any CPU
		{9D114270-E98F-9F81-4BDC-5B1B0960514B}.Release|Any CPU.ActiveCfg = Release|Any CPU
		{9D114270-E98F-9F81-4BDC-5B1B0960514B}.Release|Any CPU.Build.0 = Release|Any CPU
		{9A1BCF70-D4BF-CD41-47C3-A505F4232474}.Debug|Any CPU.ActiveCfg = Debug|Any CPU
		{9A1BCF70-D4BF-CD41-47C3-A505F4232474}.Debug|Any CPU.Build.0 = Debug|Any CPU
		{9A1BCF70-D4BF-CD41-47C3-A505F4232474}.Release|Any CPU.ActiveCfg = Release|Any CPU
		{9A1BCF70-D4BF-CD41-47C3-A505F4232474}.Release|Any CPU.Build.0 = Release|Any CPU
		{756F5050-241A-1777-1F24-74DCF1DF96CD}.Debug|Any CPU.ActiveCfg = Debug|Any CPU
		{756F5050-241A-1777-1F24-74DCF1DF96CD}.Debug|Any CPU.Build.0 = Debug|Any CPU
		{756F5050-241A-1777-1F24-74DCF1DF96CD}.Release|Any CPU.ActiveCfg = Release|Any CPU
		{756F5050-241A-1777-1F24-74DCF1DF96CD}.Release|Any CPU.Build.0 = Release|Any CPU
		{2C43915B-8247-B181-729A-932E827EC47B}.Debug|Any CPU.ActiveCfg = Debug|Any CPU
		{2C43915B-8247-B181-729A-932E827EC47B}.Debug|Any CPU.Build.0 = Debug|Any CPU
		{2C43915B-8247-B181-729A-932E827EC47B}.Release|Any CPU.ActiveCfg = Release|Any CPU
		{2C43915B-8247-B181-729A-932E827EC47B}.Release|Any CPU.Build.0 = Release|Any CPU
		{8F8B2942-AD6F-F277-3AD6-250979B962A2}.Debug|Any CPU.ActiveCfg = Debug|Any CPU
		{8F8B2942-AD6F-F277-3AD6-250979B962A2}.Debug|Any CPU.Build.0 = Debug|Any CPU
		{8F8B2942-AD6F-F277-3AD6-250979B962A2}.Release|Any CPU.ActiveCfg = Release|Any CPU
		{8F8B2942-AD6F-F277-3AD6-250979B962A2}.Release|Any CPU.Build.0 = Release|Any CPU
		{9C2C8525-9346-5A71-A860-4C3D7D722316}.Debug|Any CPU.ActiveCfg = Debug|Any CPU
		{9C2C8525-9346-5A71-A860-4C3D7D722316}.Debug|Any CPU.Build.0 = Debug|Any CPU
		{9C2C8525-9346-5A71-A860-4C3D7D722316}.Release|Any CPU.ActiveCfg = Release|Any CPU
		{9C2C8525-9346-5A71-A860-4C3D7D722316}.Release|Any CPU.Build.0 = Release|Any CPU
		{EE865EC1-AAC6-20DA-4C58-E87A1F03BF0A}.Debug|Any CPU.ActiveCfg = Debug|Any CPU
		{EE865EC1-AAC6-20DA-4C58-E87A1F03BF0A}.Debug|Any CPU.Build.0 = Debug|Any CPU
		{EE865EC1-AAC6-20DA-4C58-E87A1F03BF0A}.Release|Any CPU.ActiveCfg = Release|Any CPU
		{EE865EC1-AAC6-20DA-4C58-E87A1F03BF0A}.Release|Any CPU.Build.0 = Release|Any CPU
	EndGlobalSection
	GlobalSection(SolutionProperties) = preSolution
		HideSolutionNode = FALSE
	EndGlobalSection
EndGlobal
